{
  "name": "bsb-l",
  "version": "0.1.0",
  "lockfileVersion": 1,
  "requires": true,
  "dependencies": {
    "bs-platform": {
      "version": "5.0.4",
      "resolved": "https://registry.npmjs.org/bs-platform/-/bs-platform-5.0.4.tgz",
      "integrity": "sha512-rXM+ztN8wYXQ4ojfFGylvPOf8GRLOvM94QJsMMV9VpsLChKCjesWMNybTZvpoyNsESu2nC5q+C9soG+BPhuUFQ==",
      "dev": true
    },
    "bucklescript-tea": {
      "version": "0.11.2",
      "resolved": "https://registry.npmjs.org/bucklescript-tea/-/bucklescript-tea-0.11.2.tgz",
      "integrity": "sha512-WMHObJtEjBDONYo+QieR1bjJsiRAVhPLGwovDNE44OlIDCNTrt20M7+MVnPstdOKtOgGZYemWQwjb4IWPpSj1A=="
    },
    "buffer-crc32": {
      "version": "0.2.13",
      "resolved": "https://registry.npmjs.org/buffer-crc32/-/buffer-crc32-0.2.13.tgz",
      "integrity": "sha1-DTM+PwDqxQqhRUq9MO+MKl2ackI=",
      "dev": true
    },
    "fd-slicer": {
      "version": "1.1.0",
      "resolved": "https://registry.npmjs.org/fd-slicer/-/fd-slicer-1.1.0.tgz",
      "integrity": "sha1-JcfInLH5B3+IkbvmHY85Dq4lbx4=",
      "dev": true,
      "requires": {
        "pend": "~1.2.0"
      }
    },
    "pend": {
      "version": "1.2.0",
      "resolved": "https://registry.npmjs.org/pend/-/pend-1.2.0.tgz",
      "integrity": "sha1-elfrVQpng/kRUzH89GY9XI4AelA=",
      "dev": true
    },
    "ppx-tea-jsx": {
      "version": "0.2.1",
      "resolved": "https://registry.npmjs.org/ppx-tea-jsx/-/ppx-tea-jsx-0.2.1.tgz",
      "integrity": "sha512-M+ZJSndocgOumcoN2GkSczc2iMQ2WpkYE2TDyvprx6RIQeXiL5+bd6V8q+CQYx2xVEBj2m6SD18kXszP2Es0Fg==",
      "dev": true,
      "requires": {
        "bsb-native": "^4.0.6"
      },
      "dependencies": {
        "bsb-native": {
          "version": "4.0.1100",
          "resolved": "https://registry.npmjs.org/bsb-native/-/bsb-native-4.0.1100.tgz",
          "integrity": "sha512-XQ6farp7NBctlw1EOMQDvWEyOAGzwqP5G9N37Jb9KgvD/eiSNPclcMFi6BpFlNeHDYPyX4T0rSaFK7tvQFb5/Q==",
          "dev": true,
          "requires": {
            "yauzl": "^2.9.1"
          }
        }
      }
    },
    "yauzl": {
      "version": "2.10.0",
      "resolved": "https://registry.npmjs.org/yauzl/-/yauzl-2.10.0.tgz",
      "integrity": "sha1-x+sXyT4RLLEIb6bY5R+wZnt5pfk=",
      "dev": true,
      "requires": {
        "buffer-crc32": "~0.2.3",
        "fd-slicer": "~1.1.0"
      }
    }
  }
}
